// !$*UTF8*$!
{
	archiveVersion = 1;
	classes = {
	};
	objectVersion = 50;
	objects = {

/* Begin PBXBuildFile section */
		DDD12A4D23EA248700BDD243 /* main.cpp in Sources */ = {isa = PBXBuildFile; fileRef = DDD12A4C23EA248700BDD243 /* main.cpp */; };
		DDD12A5523EA24AF00BDD243 /* CheckInput.cpp in Sources */ = {isa = PBXBuildFile; fileRef = DDD12A5423EA24AF00BDD243 /* CheckInput.cpp */; };
/* End PBXBuildFile section */

/* Begin PBXCopyFilesBuildPhase section */
		DDD12A4723EA248700BDD243 /* CopyFiles */ = {
			isa = PBXCopyFilesBuildPhase;
			buildActionMask = 2147483647;
			dstPath = /usr/share/man/man1/;
			dstSubfolderSpec = 0;
			files = (
			);
			runOnlyForDeploymentPostprocessing = 1;
		};
/* End PBXCopyFilesBuildPhase section */

/* Begin PBXFileReference section */
		DD033A6223F0CE2000B02292 /* letters.txt */ = {isa = PBXFileReference; lastKnownFileType = text; path = letters.txt; sourceTree = SOURCE_ROOT; };
		DD033A6323F0CE2000B02292 /* numbers.txt */ = {isa = PBXFileReference; lastKnownFileType = text; path = numbers.txt; sourceTree = SOURCE_ROOT; };
		DD033A6423F0CE2000B02292 /* objects.txt */ = {isa = PBXFileReference; lastKnownFileType = text; path = objects.txt; sourceTree = SOURCE_ROOT; };
		DD033A6523F0CE2600B02292 /* animals.txt */ = {isa = PBXFileReference; lastKnownFileType = text; path = animals.txt; sourceTree = SOURCE_ROOT; };
		DDD12A4923EA248700BDD243 /* CECS 275: Project 1 */ = {isa = PBXFileReference; explicitFileType = "compiled.mach-o.executable"; includeInIndex = 0; path = "CECS 275: Project 1"; sourceTree = BUILT_PRODUCTS_DIR; };
		DDD12A4C23EA248700BDD243 /* main.cpp */ = {isa = PBXFileReference; lastKnownFileType = sourcecode.cpp.cpp; path = main.cpp; sourceTree = "<group>"; };
		DDD12A5323EA24AF00BDD243 /* CheckInput.h */ = {isa = PBXFileReference; fileEncoding = 4; lastKnownFileType = sourcecode.c.h; path = CheckInput.h; sourceTree = SOURCE_ROOT; };
		DDD12A5423EA24AF00BDD243 /* CheckInput.cpp */ = {isa = PBXFileReference; fileEncoding = 4; lastKnownFileType = sourcecode.cpp.cpp; path = CheckInput.cpp; sourceTree = SOURCE_ROOT; };
/* End PBXFileReference section */

/* Begin PBXFrameworksBuildPhase section */
		DDD12A4623EA248700BDD243 /* Frameworks */ = {
			isa = PBXFrameworksBuildPhase;
			buildActionMask = 2147483647;
			files = (
			);
			runOnlyForDeploymentPostprocessing = 0;
		};
/* End PBXFrameworksBuildPhase section */

/* Begin PBXGroup section */
		DDD12A4023EA248700BDD243 = {
			isa = PBXGroup;
			children = (
				DDD12A4B23EA248700BDD243 /* CECS 275: Project 1 */,
				DDD12A4A23EA248700BDD243 /* Products */,
			);
			sourceTree = "<group>";
		};
		DDD12A4A23EA248700BDD243 /* Products */ = {
			isa = PBXGroup;
			children = (
				DDD12A4923EA248700BDD243 /* CECS 275: Project 1 */,
			);
			name = Products;
			sourceTree = "<group>";
		};
		DDD12A4B23EA248700BDD243 /* CECS 275: Project 1 */ = {
			isa = PBXGroup;
			children = (
				DD033A6523F0CE2600B02292 /* animals.txt */,
				DD033A6223F0CE2000B02292 /* letters.txt */,
				DD033A6323F0CE2000B02292 /* numbers.txt */,
				DD033A6423F0CE2000B02292 /* objects.txt */,
				DDD12A5423EA24AF00BDD243 /* CheckInput.cpp */,
				DDD12A5323EA24AF00BDD243 /* CheckInput.h */,
				DDD12A4C23EA248700BDD243 /* main.cpp */,
			);
			path = "CECS 275: Project 1";
			sourceTree = "<group>";
		};
/* End PBXGroup section */

/* Begin PBXNativeTarget section */
		DDD12A4823EA248700BDD243 /* CECS 275: Project 1 */ = {
			isa = PBXNativeTarget;
			buildConfigurationList = DDD12A5023EA248700BDD243 /* Build configuration list for PBXNativeTarget "CECS 275: Project 1" */;
			buildPhases = (
				DDD12A4523EA248700BDD243 /* Sources */,
				DDD12A4623EA248700BDD243 /* Frameworks */,
				DDD12A4723EA248700BDD243 /* CopyFiles */,
			);
			buildRules = (
			);
			dependencies = (
			);
			name = "CECS 275: Project 1";
			productName = "CECS 275: Project 1";
			productReference = DDD12A4923EA248700BDD243 /* CECS 275: Project 1 */;
			productType = "com.apple.product-type.tool";
		};
/* End PBXNativeTarget section */

/* Begin PBXProject section */
		DDD12A4123EA248700BDD243 /* Project object */ = {
			isa = PBXProject;
			attributes = {
				LastUpgradeCheck = 1130;
				ORGANIZATIONNAME = "Trevor Scott";
				TargetAttributes = {
					DDD12A4823EA248700BDD243 = {
						CreatedOnToolsVersion = 11.3.1;
					};
				};
			};
			buildConfigurationList = DDD12A4423EA248700BDD243 /* Build configuration list for PBXProject "CECS 275: Project 1" */;
			compatibilityVersion = "Xcode 9.3";
			developmentRegion = en;
			hasScannedForEncodings = 0;
			knownRegions = (
				en,
				Base,
			);
			mainGroup = DDD12A4023EA248700BDD243;
			productRefGroup = DDD12A4A23EA248700BDD243 /* Products */;
			projectDirPath = "";
			projectRoot = "";
			targets = (
				DDD12A4823EA248700BDD243 /* CECS 275: Project 1 */,
			);
		};
/* End PBXProject section */

/* Begin PBXSourcesBuildPhase section */
		DDD12A4523EA248700BDD243 /* Sources */ = {
			isa = PBXSourcesBuildPhase;
			buildActionMask = 2147483647;
			files = (
				DDD12A4D23EA248700BDD243 /* main.cpp in Sources */,
				DDD12A5523EA24AF00BDD243 /* CheckInput.cpp in Sources */,
			);
			runOnlyForDeploymentPostprocessing = 0;
		};
/* End PBXSourcesBuildPhase section */

/* Begin XCBuildConfiguration section */
		DDD12A4E23EA248700BDD243 /* Debug */ = {
			isa = XCBuildConfiguration;
			buildSettings = {
				ALWAYS_SEARCH_USER_PATHS = NO;
				CLANG_ANALYZER_NONNULL = YES;
				CLANG_ANALYZER_NUMBER_OBJECT_CONVERSION = YES_AGGRESSIVE;
				CLANG_CXX_LANGUAGE_STANDARD = "gnu++14";
				CLANG_CXX_LIBRARY = "libc++";
				CLANG_ENABLE_MODULES = YES;
				CLANG_ENABLE_OBJC_ARC = YES;
				CLANG_ENABLE_OBJC_WEAK = YES;
				CLANG_WARN_BLOCK_CAPTURE_AUTORELEASING = YES;
				CLANG_WARN_BOOL_CONVERSION = YES;
				CLANG_WARN_COMMA = YES;
				CLANG_WARN_CONSTANT_CONVERSION = YES;
				CLANG_WARN_DEPRECATED_OBJC_IMPLEMENTATIONS = YES;
				CLANG_WARN_DIRECT_OBJC_ISA_USAGE = YES_ERROR;
				CLANG_WARN_DOCUMENTATION_COMMENTS = YES;
				CLANG_WARN_EMPTY_BODY = YES;
				CLANG_WARN_ENUM_CONVERSION = YES;
				CLANG_WARN_INFINITE_RECURSION = YES;
				CLANG_WARN_INT_CONVERSION = YES;
				CLANG_WARN_NON_LITERAL_NULL_CONVERSION = YES;
				CLANG_WARN_OBJC_IMPLICIT_RETAIN_SELF = YES;
				CLANG_WARN_OBJC_LITERAL_CONVERSION = YES;
				CLANG_WARN_OBJC_ROOT_CLASS = YES_ERROR;
				CLANG_WARN_RANGE_LOOP_ANALYSIS = YES;
				CLANG_WARN_STRICT_PROTOTYPES = YES;
				CLANG_WARN_SUSPICIOUS_MOVE = YES;
				CLANG_WARN_UNGUARDED_AVAILABILITY = YES_AGGRESSIVE;
				CLANG_WARN_UNREACHABLE_CODE = YES;
				CLANG_WARN__DUPLICATE_METHOD_MATCH = YES;
				COPY_PHASE_STRIP = NO;
				DEBUG_INFORMATION_FORMAT = dwarf;
				ENABLE_STRICT_OBJC_MSGSEND = YES;
				ENABLE_TESTABILITY = YES;
				GCC_C_LANGUAGE_STANDARD = gnu11;
				GCC_DYNAMIC_NO_PIC = NO;
				GCC_NO_COMMON_BLOCKS = YES;
				GCC_OPTIMIZATION_LEVEL = 0;
				GCC_PREPROCESSOR_DEFINITIONS = (
					"DEBUG=1",
					"$(inherited)",
				);
				GCC_WARN_64_TO_32_BIT_CONVERSION = YES;
				GCC_WARN_ABOUT_RETURN_TYPE = YES_ERROR;
				GCC_WARN_UNDECLARED_SELECTOR = YES;
				GCC_WARN_UNINITIALIZED_AUTOS = YES_AGGRESSIVE;
				GCC_WARN_UNUSED_FUNCTION = YES;
				GCC_WARN_UNUSED_VARIABLE = YES;
				MACOSX_DEPLOYMENT_TARGET = 10.15;
				MTL_ENABLE_DEBUG_INFO = INCLUDE_SOURCE;
				MTL_FAST_MATH = YES;
				ONLY_ACTIVE_ARCH = YES;
				SDKROOT = macosx;
			};
			name = Debug;
		};
		DDD12A4F23EA248700BDD243 /* Release */ = {
			isa = XCBuildConfiguration;
			buildSettings = {
				ALWAYS_SEARCH_USER_PATHS = NO;
				CLANG_ANALYZER_NONNULL = YES;
				CLANG_ANALYZER_NUMBER_OBJECT_CONVERSION = YES_AGGRESSIVE;
				CLANG_CXX_LANGUAGE_STANDARD = "gnu++14";
				CLANG_CXX_LIBRARY = "libc++";
				CLANG_ENABLE_MODULES = YES;
				CLANG_ENABLE_OBJC_ARC = YES;
				CLANG_ENABLE_OBJC_WEAK = YES;
				CLANG_WARN_BLOCK_CAPTURE_AUTORELEASING = YES;
				CLANG_WARN_BOOL_CONVERSION = YES;
				CLANG_WARN_COMMA = YES;
				CLANG_WARN_CONSTANT_CONVERSION = YES;
				CLANG_WARN_DEPRECATED_OBJC_IMPLEMENTATIONS = YES;
				CLANG_WARN_DIRECT_OBJC_ISA_USAGE = YES_ERROR;
				CLANG_WARN_DOCUMENTATION_COMMENTS = YES;
				CLANG_WARN_EMPTY_BODY = YES;
				CLANG_WARN_ENUM_CONVERSION = YES;
				CLANG_WARN_INFINITE_RECURSION = YES;
				CLANG_WARN_INT_CONVERSION = YES;
				CLANG_WARN_NON_LITERAL_NULL_CONVERSION = YES;
				CLANG_WARN_OBJC_IMPLICIT_RETAIN_SELF = YES;
				CLANG_WARN_OBJC_LITERAL_CONVERSION = YES;
				CLANG_WARN_OBJC_ROOT_CLASS = YES_ERROR;
				CLANG_WARN_RANGE_LOOP_ANALYSIS = YES;
				CLANG_WARN_STRICT_PROTOTYPES = YES;
				CLANG_WARN_SUSPICIOUS_MOVE = YES;
				CLANG_WARN_UNGUARDED_AVAILABILITY = YES_AGGRESSIVE;
				CLANG_WARN_UNREACHABLE_CODE = YES;
				CLANG_WARN__DUPLICATE_METHOD_MATCH = YES;
				COPY_PHASE_STRIP = NO;
				DEBUG_INFORMATION_FORMAT = "dwarf-with-dsym";
				ENABLE_NS_ASSERTIONS = NO;
				ENABLE_STRICT_OBJC_MSGSEND = YES;
				GCC_C_LANGUAGE_STANDARD = gnu11;
				GCC_NO_COMMON_BLOCKS = YES;
				GCC_WARN_64_TO_32_BIT_CONVERSION = YES;
				GCC_WARN_ABOUT_RETURN_TYPE = YES_ERROR;
				GCC_WARN_UNDECLARED_SELECTOR = YES;
				GCC_WARN_UNINITIALIZED_AUTOS = YES_AGGRESSIVE;
				GCC_WARN_UNUSED_FUNCTION = YES;
				GCC_WARN_UNUSED_VARIABLE = YES;
				MACOSX_DEPLOYMENT_TARGET = 10.15;
				MTL_ENABLE_DEBUG_INFO = NO;
				MTL_FAST_MATH = YES;
				SDKROOT = macosx;
			};
			name = Release;
		};
		DDD12A5123EA248700BDD243 /* Debug */ = {
			isa = XCBuildConfiguration;
			buildSettings = {
				CODE_SIGN_STYLE = Automatic;
				PRODUCT_NAME = "$(TARGET_NAME)";
			};
			name = Debug;
		};
		DDD12A5223EA248700BDD243 /* Release */ = {
			isa = XCBuildConfiguration;
			buildSettings = {
				CODE_SIGN_STYLE = Automatic;
				PRODUCT_NAME = "$(TARGET_NAME)";
			};
			name = Release;
		};
/* End XCBuildConfiguration section */

/* Begin XCConfigurationList section */
		DDD12A4423EA248700BDD243 /* Build configuration list for PBXProject "CECS 275: Project 1" */ = {
			isa = XCConfigurationList;
			buildConfigurations = (
				DDD12A4E23EA248700BDD243 /* Debug */,
				DDD12A4F23EA248700BDD243 /* Release */,
			);
			defaultConfigurationIsVisible = 0;
			defaultConfigurationName = Release;
		};
		DDD12A5023EA248700BDD243 /* Build configuration list for PBXNativeTarget "CECS 275: Project 1" */ = {
			isa = XCConfigurationList;
			buildConfigurations = (
				DDD12A5123EA248700BDD243 /* Debug */,
				DDD12A5223EA248700BDD243 /* Release */,
			);
			defaultConfigurationIsVisible = 0;
			defaultConfigurationName = Release;
		};
/* End XCConfigurationList section */
	};
	rootObject = DDD12A4123EA248700BDD243 /* Project object */;
}
