// !$*UTF8*$!
{
	archiveVersion = 1;
	classes = {
	};
	objectVersion = 50;
	objects = {

/* Begin PBXBuildFile section */
		DDA373562426E295003E9B29 /* main.cpp in Sources */ = {isa = PBXBuildFile; fileRef = DDA373552426E295003E9B29 /* main.cpp */; };
		DDA3735E2426E8FE003E9B29 /* CheckInput.cpp in Sources */ = {isa = PBXBuildFile; fileRef = DDA3735C2426E8FE003E9B29 /* CheckInput.cpp */; };
		DDA373612426E9C0003E9B29 /* die.cpp in Sources */ = {isa = PBXBuildFile; fileRef = DDA3735F2426E9C0003E9B29 /* die.cpp */; };
		DDA373642426F2A6003E9B29 /* Player.cpp in Sources */ = {isa = PBXBuildFile; fileRef = DDA373622426F2A6003E9B29 /* Player.cpp */; };
/* End PBXBuildFile section */

/* Begin PBXCopyFilesBuildPhase section */
		DDA373502426E295003E9B29 /* CopyFiles */ = {
			isa = PBXCopyFilesBuildPhase;
			buildActionMask = 2147483647;
			dstPath = /usr/share/man/man1/;
			dstSubfolderSpec = 0;
			files = (
			);
			runOnlyForDeploymentPostprocessing = 1;
		};
/* End PBXCopyFilesBuildPhase section */

/* Begin PBXFileReference section */
		DDA373522426E295003E9B29 /* CECS 275 Lab 6 */ = {isa = PBXFileReference; explicitFileType = "compiled.mach-o.executable"; includeInIndex = 0; path = "CECS 275 Lab 6"; sourceTree = BUILT_PRODUCTS_DIR; };
		DDA373552426E295003E9B29 /* main.cpp */ = {isa = PBXFileReference; lastKnownFileType = sourcecode.cpp.cpp; path = main.cpp; sourceTree = "<group>"; };
		DDA3735C2426E8FE003E9B29 /* CheckInput.cpp */ = {isa = PBXFileReference; fileEncoding = 4; lastKnownFileType = sourcecode.cpp.cpp; path = CheckInput.cpp; sourceTree = SOURCE_ROOT; };
		DDA3735D2426E8FE003E9B29 /* CheckInput.h */ = {isa = PBXFileReference; fileEncoding = 4; lastKnownFileType = sourcecode.c.h; path = CheckInput.h; sourceTree = SOURCE_ROOT; };
		DDA3735F2426E9C0003E9B29 /* die.cpp */ = {isa = PBXFileReference; lastKnownFileType = sourcecode.cpp.cpp; path = die.cpp; sourceTree = "<group>"; };
		DDA373622426F2A6003E9B29 /* Player.cpp */ = {isa = PBXFileReference; lastKnownFileType = sourcecode.cpp.cpp; path = Player.cpp; sourceTree = "<group>"; };
		DDA373652426FC38003E9B29 /* die.h */ = {isa = PBXFileReference; lastKnownFileType = sourcecode.c.h; path = die.h; sourceTree = "<group>"; };
		DDA373662426FC62003E9B29 /* Player.h */ = {isa = PBXFileReference; lastKnownFileType = sourcecode.c.h; path = Player.h; sourceTree = "<group>"; };
/* End PBXFileReference section */

/* Begin PBXFrameworksBuildPhase section */
		DDA3734F2426E295003E9B29 /* Frameworks */ = {
			isa = PBXFrameworksBuildPhase;
			buildActionMask = 2147483647;
			files = (
			);
			runOnlyForDeploymentPostprocessing = 0;
		};
/* End PBXFrameworksBuildPhase section */

/* Begin PBXGroup section */
		DDA373492426E295003E9B29 = {
			isa = PBXGroup;
			children = (
				DDA373542426E295003E9B29 /* CECS 275 Lab 6 */,
				DDA373532426E295003E9B29 /* Products */,
			);
			sourceTree = "<group>";
		};
		DDA373532426E295003E9B29 /* Products */ = {
			isa = PBXGroup;
			children = (
				DDA373522426E295003E9B29 /* CECS 275 Lab 6 */,
			);
			name = Products;
			sourceTree = "<group>";
		};
		DDA373542426E295003E9B29 /* CECS 275 Lab 6 */ = {
			isa = PBXGroup;
			children = (
				DDA3735D2426E8FE003E9B29 /* CheckInput.h */,
				DDA3735C2426E8FE003E9B29 /* CheckInput.cpp */,
				DDA373652426FC38003E9B29 /* die.h */,
				DDA3735F2426E9C0003E9B29 /* die.cpp */,
				DDA373662426FC62003E9B29 /* Player.h */,
				DDA373622426F2A6003E9B29 /* Player.cpp */,
				DDA373552426E295003E9B29 /* main.cpp */,
			);
			path = "CECS 275 Lab 6";
			sourceTree = "<group>";
		};
/* End PBXGroup section */

/* Begin PBXNativeTarget section */
		DDA373512426E295003E9B29 /* CECS 275 Lab 6 */ = {
			isa = PBXNativeTarget;
			buildConfigurationList = DDA373592426E295003E9B29 /* Build configuration list for PBXNativeTarget "CECS 275 Lab 6" */;
			buildPhases = (
				DDA3734E2426E295003E9B29 /* Sources */,
				DDA3734F2426E295003E9B29 /* Frameworks */,
				DDA373502426E295003E9B29 /* CopyFiles */,
			);
			buildRules = (
			);
			dependencies = (
			);
			name = "CECS 275 Lab 6";
			productName = "CECS 275 Lab 6";
			productReference = DDA373522426E295003E9B29 /* CECS 275 Lab 6 */;
			productType = "com.apple.product-type.tool";
		};
/* End PBXNativeTarget section */

/* Begin PBXProject section */
		DDA3734A2426E295003E9B29 /* Project object */ = {
			isa = PBXProject;
			attributes = {
				LastUpgradeCheck = 1130;
				ORGANIZATIONNAME = "Trevor Scott";
				TargetAttributes = {
					DDA373512426E295003E9B29 = {
						CreatedOnToolsVersion = 11.3.1;
					};
				};
			};
			buildConfigurationList = DDA3734D2426E295003E9B29 /* Build configuration list for PBXProject "CECS 275 Lab 6" */;
			compatibilityVersion = "Xcode 9.3";
			developmentRegion = en;
			hasScannedForEncodings = 0;
			knownRegions = (
				en,
				Base,
			);
			mainGroup = DDA373492426E295003E9B29;
			productRefGroup = DDA373532426E295003E9B29 /* Products */;
			projectDirPath = "";
			projectRoot = "";
			targets = (
				DDA373512426E295003E9B29 /* CECS 275 Lab 6 */,
			);
		};
/* End PBXProject section */

/* Begin PBXSourcesBuildPhase section */
		DDA3734E2426E295003E9B29 /* Sources */ = {
			isa = PBXSourcesBuildPhase;
			buildActionMask = 2147483647;
			files = (
				DDA373642426F2A6003E9B29 /* Player.cpp in Sources */,
				DDA373612426E9C0003E9B29 /* die.cpp in Sources */,
				DDA373562426E295003E9B29 /* main.cpp in Sources */,
				DDA3735E2426E8FE003E9B29 /* CheckInput.cpp in Sources */,
			);
			runOnlyForDeploymentPostprocessing = 0;
		};
/* End PBXSourcesBuildPhase section */

/* Begin XCBuildConfiguration section */
		DDA373572426E295003E9B29 /* Debug */ = {
			isa = XCBuildConfiguration;
			buildSettings = {
				ALWAYS_SEARCH_USER_PATHS = NO;
				CLANG_ANALYZER_NONNULL = YES;
				CLANG_ANALYZER_NUMBER_OBJECT_CONVERSION = YES_AGGRESSIVE;
				CLANG_CXX_LANGUAGE_STANDARD = "gnu++14";
				CLANG_CXX_LIBRARY = "libc++";
				CLANG_ENABLE_MODULES = YES;
				CLANG_ENABLE_OBJC_ARC = YES;
				CLANG_ENABLE_OBJC_WEAK = YES;
				CLANG_WARN_BLOCK_CAPTURE_AUTORELEASING = YES;
				CLANG_WARN_BOOL_CONVERSION = YES;
				CLANG_WARN_COMMA = YES;
				CLANG_WARN_CONSTANT_CONVERSION = YES;
				CLANG_WARN_DEPRECATED_OBJC_IMPLEMENTATIONS = YES;
				CLANG_WARN_DIRECT_OBJC_ISA_USAGE = YES_ERROR;
				CLANG_WARN_DOCUMENTATION_COMMENTS = YES;
				CLANG_WARN_EMPTY_BODY = YES;
				CLANG_WARN_ENUM_CONVERSION = YES;
				CLANG_WARN_INFINITE_RECURSION = YES;
				CLANG_WARN_INT_CONVERSION = YES;
				CLANG_WARN_NON_LITERAL_NULL_CONVERSION = YES;
				CLANG_WARN_OBJC_IMPLICIT_RETAIN_SELF = YES;
				CLANG_WARN_OBJC_LITERAL_CONVERSION = YES;
				CLANG_WARN_OBJC_ROOT_CLASS = YES_ERROR;
				CLANG_WARN_RANGE_LOOP_ANALYSIS = YES;
				CLANG_WARN_STRICT_PROTOTYPES = YES;
				CLANG_WARN_SUSPICIOUS_MOVE = YES;
				CLANG_WARN_UNGUARDED_AVAILABILITY = YES_AGGRESSIVE;
				CLANG_WARN_UNREACHABLE_CODE = YES;
				CLANG_WARN__DUPLICATE_METHOD_MATCH = YES;
				COPY_PHASE_STRIP = NO;
				DEBUG_INFORMATION_FORMAT = dwarf;
				ENABLE_STRICT_OBJC_MSGSEND = YES;
				ENABLE_TESTABILITY = YES;
				GCC_C_LANGUAGE_STANDARD = gnu11;
				GCC_DYNAMIC_NO_PIC = NO;
				GCC_NO_COMMON_BLOCKS = YES;
				GCC_OPTIMIZATION_LEVEL = 0;
				GCC_PREPROCESSOR_DEFINITIONS = (
					"DEBUG=1",
					"$(inherited)",
				);
				GCC_WARN_64_TO_32_BIT_CONVERSION = YES;
				GCC_WARN_ABOUT_RETURN_TYPE = YES_ERROR;
				GCC_WARN_UNDECLARED_SELECTOR = YES;
				GCC_WARN_UNINITIALIZED_AUTOS = YES_AGGRESSIVE;
				GCC_WARN_UNUSED_FUNCTION = YES;
				GCC_WARN_UNUSED_VARIABLE = YES;
				MACOSX_DEPLOYMENT_TARGET = 10.15;
				MTL_ENABLE_DEBUG_INFO = INCLUDE_SOURCE;
				MTL_FAST_MATH = YES;
				ONLY_ACTIVE_ARCH = YES;
				SDKROOT = macosx;
			};
			name = Debug;
		};
		DDA373582426E295003E9B29 /* Release */ = {
			isa = XCBuildConfiguration;
			buildSettings = {
				ALWAYS_SEARCH_USER_PATHS = NO;
				CLANG_ANALYZER_NONNULL = YES;
				CLANG_ANALYZER_NUMBER_OBJECT_CONVERSION = YES_AGGRESSIVE;
				CLANG_CXX_LANGUAGE_STANDARD = "gnu++14";
				CLANG_CXX_LIBRARY = "libc++";
				CLANG_ENABLE_MODULES = YES;
				CLANG_ENABLE_OBJC_ARC = YES;
				CLANG_ENABLE_OBJC_WEAK = YES;
				CLANG_WARN_BLOCK_CAPTURE_AUTORELEASING = YES;
				CLANG_WARN_BOOL_CONVERSION = YES;
				CLANG_WARN_COMMA = YES;
				CLANG_WARN_CONSTANT_CONVERSION = YES;
				CLANG_WARN_DEPRECATED_OBJC_IMPLEMENTATIONS = YES;
				CLANG_WARN_DIRECT_OBJC_ISA_USAGE = YES_ERROR;
				CLANG_WARN_DOCUMENTATION_COMMENTS = YES;
				CLANG_WARN_EMPTY_BODY = YES;
				CLANG_WARN_ENUM_CONVERSION = YES;
				CLANG_WARN_INFINITE_RECURSION = YES;
				CLANG_WARN_INT_CONVERSION = YES;
				CLANG_WARN_NON_LITERAL_NULL_CONVERSION = YES;
				CLANG_WARN_OBJC_IMPLICIT_RETAIN_SELF = YES;
				CLANG_WARN_OBJC_LITERAL_CONVERSION = YES;
				CLANG_WARN_OBJC_ROOT_CLASS = YES_ERROR;
				CLANG_WARN_RANGE_LOOP_ANALYSIS = YES;
				CLANG_WARN_STRICT_PROTOTYPES = YES;
				CLANG_WARN_SUSPICIOUS_MOVE = YES;
				CLANG_WARN_UNGUARDED_AVAILABILITY = YES_AGGRESSIVE;
				CLANG_WARN_UNREACHABLE_CODE = YES;
				CLANG_WARN__DUPLICATE_METHOD_MATCH = YES;
				COPY_PHASE_STRIP = NO;
				DEBUG_INFORMATION_FORMAT = "dwarf-with-dsym";
				ENABLE_NS_ASSERTIONS = NO;
				ENABLE_STRICT_OBJC_MSGSEND = YES;
				GCC_C_LANGUAGE_STANDARD = gnu11;
				GCC_NO_COMMON_BLOCKS = YES;
				GCC_WARN_64_TO_32_BIT_CONVERSION = YES;
				GCC_WARN_ABOUT_RETURN_TYPE = YES_ERROR;
				GCC_WARN_UNDECLARED_SELECTOR = YES;
				GCC_WARN_UNINITIALIZED_AUTOS = YES_AGGRESSIVE;
				GCC_WARN_UNUSED_FUNCTION = YES;
				GCC_WARN_UNUSED_VARIABLE = YES;
				MACOSX_DEPLOYMENT_TARGET = 10.15;
				MTL_ENABLE_DEBUG_INFO = NO;
				MTL_FAST_MATH = YES;
				SDKROOT = macosx;
			};
			name = Release;
		};
		DDA3735A2426E295003E9B29 /* Debug */ = {
			isa = XCBuildConfiguration;
			buildSettings = {
				CODE_SIGN_STYLE = Automatic;
				PRODUCT_NAME = "$(TARGET_NAME)";
			};
			name = Debug;
		};
		DDA3735B2426E295003E9B29 /* Release */ = {
			isa = XCBuildConfiguration;
			buildSettings = {
				CODE_SIGN_STYLE = Automatic;
				PRODUCT_NAME = "$(TARGET_NAME)";
			};
			name = Release;
		};
/* End XCBuildConfiguration section */

/* Begin XCConfigurationList section */
		DDA3734D2426E295003E9B29 /* Build configuration list for PBXProject "CECS 275 Lab 6" */ = {
			isa = XCConfigurationList;
			buildConfigurations = (
				DDA373572426E295003E9B29 /* Debug */,
				DDA373582426E295003E9B29 /* Release */,
			);
			defaultConfigurationIsVisible = 0;
			defaultConfigurationName = Release;
		};
		DDA373592426E295003E9B29 /* Build configuration list for PBXNativeTarget "CECS 275 Lab 6" */ = {
			isa = XCConfigurationList;
			buildConfigurations = (
				DDA3735A2426E295003E9B29 /* Debug */,
				DDA3735B2426E295003E9B29 /* Release */,
			);
			defaultConfigurationIsVisible = 0;
			defaultConfigurationName = Release;
		};
/* End XCConfigurationList section */
	};
	rootObject = DDA3734A2426E295003E9B29 /* Project object */;
}
